
Microsoft Visual Studio Solution File, Format Version 12.00
# Visual Studio 15
VisualStudioVersion = 15.0.28307.757
MinimumVisualStudioVersion = 10.0.40219.1
Project("{9A19103F-16F7-4668-BE54-9A1E7A4F7556}") = "MasterInMedia_GildedRose-RefactoringKata", "MasterInMedia_GildedRose-RefactoringKata\MasterInMedia_GildedRose-RefactoringKata.csproj", "{A3E198F1-9B90-44DA-8758-B7D8D9D1550A}"
EndProject
Project("{9A19103F-16F7-4668-BE54-9A1E7A4F7556}") = "MasterInMedia_GildedRose-RefactoringKataV2", "MasterInMedia_GildedRose-RefactoringKataV2\MasterInMedia_GildedRose-RefactoringKataV2.csproj", "{4C2B4DF7-AFF7-4909-8EF4-BF1A184B49B8}"
EndProject
Project("{2150E333-8FDC-42A3-9474-1A3956D46DE8}") = "GildedRose_RefactoringKata", "GildedRose_RefactoringKata", "{BB807CBD-417C-4190-B767-EBA64AF925E9}"
EndProject
Project("{2150E333-8FDC-42A3-9474-1A3956D46DE8}") = "GildedRose_RefactoringKataV2", "GildedRose_RefactoringKataV2", "{E8314EC6-648A-4E67-85C2-D8D81A3869F0}"
EndProject
Project("{FAE04EC0-301F-11D3-BF4B-00C04F79EFBC}") = "MasterInMedia_GildedRose-RefactoringKataTest", "MasterInMedia_GildedRose-RefactoringKataTest\MasterInMedia_GildedRose-RefactoringKataTest.csproj", "{0514816D-5569-432F-B6B2-BB0225D6D4B8}"
EndProject
Global
	GlobalSection(SolutionConfigurationPlatforms) = preSolution
		Debug|Any CPU = Debug|Any CPU
		Release|Any CPU = Release|Any CPU
	EndGlobalSection
	GlobalSection(ProjectConfigurationPlatforms) = postSolution
		{A3E198F1-9B90-44DA-8758-B7D8D9D1550A}.Debug|Any CPU.ActiveCfg = Debug|Any CPU
		{A3E198F1-9B90-44DA-8758-B7D8D9D1550A}.Debug|Any CPU.Build.0 = Debug|Any CPU
		{A3E198F1-9B90-44DA-8758-B7D8D9D1550A}.Release|Any CPU.ActiveCfg = Release|Any CPU
		{A3E198F1-9B90-44DA-8758-B7D8D9D1550A}.Release|Any CPU.Build.0 = Release|Any CPU
		{4C2B4DF7-AFF7-4909-8EF4-BF1A184B49B8}.Debug|Any CPU.ActiveCfg = Debug|Any CPU
		{4C2B4DF7-AFF7-4909-8EF4-BF1A184B49B8}.Debug|Any CPU.Build.0 = Debug|Any CPU
		{4C2B4DF7-AFF7-4909-8EF4-BF1A184B49B8}.Release|Any CPU.ActiveCfg = Release|Any CPU
		{4C2B4DF7-AFF7-4909-8EF4-BF1A184B49B8}.Release|Any CPU.Build.0 = Release|Any CPU
		{0514816D-5569-432F-B6B2-BB0225D6D4B8}.Debug|Any CPU.ActiveCfg = Debug|Any CPU
		{0514816D-5569-432F-B6B2-BB0225D6D4B8}.Debug|Any CPU.Build.0 = Debug|Any CPU
		{0514816D-5569-432F-B6B2-BB0225D6D4B8}.Release|Any CPU.ActiveCfg = Release|Any CPU
		{0514816D-5569-432F-B6B2-BB0225D6D4B8}.Release|Any CPU.Build.0 = Release|Any CPU
	EndGlobalSection
	GlobalSection(SolutionProperties) = preSolution
		HideSolutionNode = FALSE
	EndGlobalSection
	GlobalSection(NestedProjects) = preSolution
		{A3E198F1-9B90-44DA-8758-B7D8D9D1550A} = {BB807CBD-417C-4190-B767-EBA64AF925E9}
		{4C2B4DF7-AFF7-4909-8EF4-BF1A184B49B8} = {E8314EC6-648A-4E67-85C2-D8D81A3869F0}
		{0514816D-5569-432F-B6B2-BB0225D6D4B8} = {BB807CBD-417C-4190-B767-EBA64AF925E9}
	EndGlobalSection
	GlobalSection(ExtensibilityGlobals) = postSolution
		SolutionGuid = {FE57EED6-F730-485D-844F-A59DF6E0880A}
	EndGlobalSection
EndGlobal
